
Microsoft Visual Studio Solution File, Format Version 12.00
# Visual Studio Version 17
VisualStudioVersion = 17.14.36203.30 d17.14
MinimumVisualStudioVersion = 10.0.40219.1
Project("{FAE04EC0-301F-11D3-BF4B-00C04F79EFBC}") = "Assignmentt_04", "Assignmentt_04\Assignmentt_04.csproj", "{2D22D5F3-D41C-4398-970B-8736EF13FB47}"
EndProject
Global
	GlobalSection(SolutionConfigurationPlatforms) = preSolution
		Debug|Any CPU = Debug|Any CPU
		Release|Any CPU = Release|Any CPU
	EndGlobalSection
	GlobalSection(ProjectConfigurationPlatforms) = postSolution
		{2D22D5F3-D41C-4398-970B-8736EF13FB47}.Debug|Any CPU.ActiveCfg = Debug|Any CPU
		{2D22D5F3-D41C-4398-970B-8736EF13FB47}.Debug|Any CPU.Build.0 = Debug|Any CPU
		{2D22D5F3-D41C-4398-970B-8736EF13FB47}.Release|Any CPU.ActiveCfg = Release|Any CPU
		{2D22D5F3-D41C-4398-970B-8736EF13FB47}.Release|Any CPU.Build.0 = Release|Any CPU
	EndGlobalSection
	GlobalSection(SolutionProperties) = preSolution
		HideSolutionNode = FALSE
	EndGlobalSection
	GlobalSection(ExtensibilityGlobals) = postSolution
		SolutionGuid = {55C27AAD-75FE-436D-B335-ED38D862FC86}
	EndGlobalSection
EndGlobal
